
Microsoft Visual Studio Solution File, Format Version 12.00
# Visual Studio Version 17
VisualStudioVersion = 17.9.34607.119
MinimumVisualStudioVersion = 10.0.40219.1
Project("{FAE04EC0-301F-11D3-BF4B-00C04F79EFBC}") = "Backend", "Backend.csproj", "{AC4FDE87-8E06-4D96-8225-2721F1570C3A}"
EndProject
Global
	GlobalSection(SolutionConfigurationPlatforms) = preSolution
		Debug|Any CPU = Debug|Any CPU
		Release|Any CPU = Release|Any CPU
	EndGlobalSection
	GlobalSection(ProjectConfigurationPlatforms) = postSolution
		{AC4FDE87-8E06-4D96-8225-2721F1570C3A}.Debug|Any CPU.ActiveCfg = Debug|Any CPU
		{AC4FDE87-8E06-4D96-8225-2721F1570C3A}.Debug|Any CPU.Build.0 = Debug|Any CPU
		{AC4FDE87-8E06-4D96-8225-2721F1570C3A}.Release|Any CPU.ActiveCfg = Release|Any CPU
		{AC4FDE87-8E06-4D96-8225-2721F1570C3A}.Release|Any CPU.Build.0 = Release|Any CPU
	EndGlobalSection
	GlobalSection(SolutionProperties) = preSolution
		HideSolutionNode = FALSE
	EndGlobalSection
	GlobalSection(ExtensibilityGlobals) = postSolution
		SolutionGuid = {9647D79D-0A00-4027-842A-7A0D42A6F14D}
	EndGlobalSection
EndGlobal
